
Microsoft Visual Studio Solution File, Format Version 12.00
# Visual Studio Version 17
VisualStudioVersion = 17.7.34031.279
MinimumVisualStudioVersion = 10.0.40219.1
Project("{8BC9CEB8-8B4A-11D0-8D11-00A0C91BC942}") = "Assignment2_Project5_GI", "Assignment2_Project5_GI\Assignment2_Project5_GI.vcxproj", "{43DD4E1A-3302-4CA9-8D12-3BB9EDA2023E}"
EndProject
Global
	GlobalSection(SolutionConfigurationPlatforms) = preSolution
		Debug|x64 = Debug|x64
		Debug|x86 = Debug|x86
		Release|x64 = Release|x64
		Release|x86 = Release|x86
	EndGlobalSection
	GlobalSection(ProjectConfigurationPlatforms) = postSolution
		{43DD4E1A-3302-4CA9-8D12-3BB9EDA2023E}.Debug|x64.ActiveCfg = Debug|x64
		{43DD4E1A-3302-4CA9-8D12-3BB9EDA2023E}.Debug|x64.Build.0 = Debug|x64
		{43DD4E1A-3302-4CA9-8D12-3BB9EDA2023E}.Debug|x86.ActiveCfg = Debug|Win32
		{43DD4E1A-3302-4CA9-8D12-3BB9EDA2023E}.Debug|x86.Build.0 = Debug|Win32
		{43DD4E1A-3302-4CA9-8D12-3BB9EDA2023E}.Release|x64.ActiveCfg = Release|x64
		{43DD4E1A-3302-4CA9-8D12-3BB9EDA2023E}.Release|x64.Build.0 = Release|x64
		{43DD4E1A-3302-4CA9-8D12-3BB9EDA2023E}.Release|x86.ActiveCfg = Release|Win32
		{43DD4E1A-3302-4CA9-8D12-3BB9EDA2023E}.Release|x86.Build.0 = Release|Win32
	EndGlobalSection
	GlobalSection(SolutionProperties) = preSolution
		HideSolutionNode = FALSE
	EndGlobalSection
	GlobalSection(ExtensibilityGlobals) = postSolution
		SolutionGuid = {5CC00C56-58BE-4D70-8B76-B4094BAD4185}
	EndGlobalSection
EndGlobal
